{
  "requires": true,
  "lockfileVersion": 1,
  "dependencies": {
    "react-external-link": {
      "version": "1.1.1",
      "resolved": "https://registry.npmjs.org/react-external-link/-/react-external-link-1.1.1.tgz",
      "integrity": "sha512-e2WnTWkg81cuqxmDfjOalliAE20+Y/uD+lserN4uuwkwu+ciGLB3BMz4m7GnXh2+TowIi4sLtCL7zr7aDnIaqA=="
    }
  }
}
